
Microsoft Visual Studio Solution File, Format Version 12.00
# Visual Studio 15
VisualStudioVersion = 15.0.27130.2003
MinimumVisualStudioVersion = 10.0.40219.1
Project("{9A19103F-16F7-4668-BE54-9A1E7A4F7556}") = "N1.TheStart", "LearningNetCore\N1.TheStart.csproj", "{B3A827DE-AF04-4E37-8910-01E18CE30490}"
EndProject
Project("{9A19103F-16F7-4668-BE54-9A1E7A4F7556}") = "N2.BasicConcept", "N2.BasicConcept\N2.BasicConcept.csproj", "{E6D17B72-8B32-441F-8912-046EAE2BDC2E}"
EndProject
Project("{9A19103F-16F7-4668-BE54-9A1E7A4F7556}") = "N3.EF", "N3.EF\N3.EF.csproj", "{B76D056C-7869-40CC-8FD4-A420316CA2CC}"
EndProject
Project("{9A19103F-16F7-4668-BE54-9A1E7A4F7556}") = "N4.IdentityServer", "N4.IdentityServer\N4.IdentityServer.csproj", "{BBAD782F-C918-44CB-B768-26DEB6FEDD96}"
EndProject
Project("{9A19103F-16F7-4668-BE54-9A1E7A4F7556}") = "N5.WepApiForIdentity", "N5.WepApiForIdentity\N5.WepApiForIdentity.csproj", "{3A06B78B-D9A8-4264-8673-DB2C42E9A1CA}"
EndProject
Project("{9A19103F-16F7-4668-BE54-9A1E7A4F7556}") = "N6.MvcClientForIdentity", "N6.MvcClientForIdentity\N6.MvcClientForIdentity.csproj", "{3F009D95-A758-41C7-B84D-EB19EBA219B3}"
EndProject
Project("{9A19103F-16F7-4668-BE54-9A1E7A4F7556}") = "N7.NewMvcClient", "N7.NewMvcClient\N7.NewMvcClient.csproj", "{BADEFEC0-8CFE-4168-B4BE-3D0A963EAB00}"
EndProject
Project("{9A19103F-16F7-4668-BE54-9A1E7A4F7556}") = "N8.EFIdentityServer", "N8.EFIdentityServer\N8.EFIdentityServer.csproj", "{B55AE17B-095C-4FFE-A023-0FA9CA6471E2}"
EndProject
Global
	GlobalSection(SolutionConfigurationPlatforms) = preSolution
		Debug|Any CPU = Debug|Any CPU
		Release|Any CPU = Release|Any CPU
	EndGlobalSection
	GlobalSection(ProjectConfigurationPlatforms) = postSolution
		{B3A827DE-AF04-4E37-8910-01E18CE30490}.Debug|Any CPU.ActiveCfg = Debug|Any CPU
		{B3A827DE-AF04-4E37-8910-01E18CE30490}.Debug|Any CPU.Build.0 = Debug|Any CPU
		{B3A827DE-AF04-4E37-8910-01E18CE30490}.Release|Any CPU.ActiveCfg = Release|Any CPU
		{B3A827DE-AF04-4E37-8910-01E18CE30490}.Release|Any CPU.Build.0 = Release|Any CPU
		{E6D17B72-8B32-441F-8912-046EAE2BDC2E}.Debug|Any CPU.ActiveCfg = Debug|Any CPU
		{E6D17B72-8B32-441F-8912-046EAE2BDC2E}.Debug|Any CPU.Build.0 = Debug|Any CPU
		{E6D17B72-8B32-441F-8912-046EAE2BDC2E}.Release|Any CPU.ActiveCfg = Release|Any CPU
		{E6D17B72-8B32-441F-8912-046EAE2BDC2E}.Release|Any CPU.Build.0 = Release|Any CPU
		{B76D056C-7869-40CC-8FD4-A420316CA2CC}.Debug|Any CPU.ActiveCfg = Debug|Any CPU
		{B76D056C-7869-40CC-8FD4-A420316CA2CC}.Debug|Any CPU.Build.0 = Debug|Any CPU
		{B76D056C-7869-40CC-8FD4-A420316CA2CC}.Release|Any CPU.ActiveCfg = Release|Any CPU
		{B76D056C-7869-40CC-8FD4-A420316CA2CC}.Release|Any CPU.Build.0 = Release|Any CPU
		{BBAD782F-C918-44CB-B768-26DEB6FEDD96}.Debug|Any CPU.ActiveCfg = Debug|Any CPU
		{BBAD782F-C918-44CB-B768-26DEB6FEDD96}.Debug|Any CPU.Build.0 = Debug|Any CPU
		{BBAD782F-C918-44CB-B768-26DEB6FEDD96}.Release|Any CPU.ActiveCfg = Release|Any CPU
		{BBAD782F-C918-44CB-B768-26DEB6FEDD96}.Release|Any CPU.Build.0 = Release|Any CPU
		{3A06B78B-D9A8-4264-8673-DB2C42E9A1CA}.Debug|Any CPU.ActiveCfg = Debug|Any CPU
		{3A06B78B-D9A8-4264-8673-DB2C42E9A1CA}.Debug|Any CPU.Build.0 = Debug|Any CPU
		{3A06B78B-D9A8-4264-8673-DB2C42E9A1CA}.Release|Any CPU.ActiveCfg = Release|Any CPU
		{3A06B78B-D9A8-4264-8673-DB2C42E9A1CA}.Release|Any CPU.Build.0 = Release|Any CPU
		{3F009D95-A758-41C7-B84D-EB19EBA219B3}.Debug|Any CPU.ActiveCfg = Debug|Any CPU
		{3F009D95-A758-41C7-B84D-EB19EBA219B3}.Debug|Any CPU.Build.0 = Debug|Any CPU
		{3F009D95-A758-41C7-B84D-EB19EBA219B3}.Release|Any CPU.ActiveCfg = Release|Any CPU
		{3F009D95-A758-41C7-B84D-EB19EBA219B3}.Release|Any CPU.Build.0 = Release|Any CPU
		{BADEFEC0-8CFE-4168-B4BE-3D0A963EAB00}.Debug|Any CPU.ActiveCfg = Debug|Any CPU
		{BADEFEC0-8CFE-4168-B4BE-3D0A963EAB00}.Debug|Any CPU.Build.0 = Debug|Any CPU
		{BADEFEC0-8CFE-4168-B4BE-3D0A963EAB00}.Release|Any CPU.ActiveCfg = Release|Any CPU
		{BADEFEC0-8CFE-4168-B4BE-3D0A963EAB00}.Release|Any CPU.Build.0 = Release|Any CPU
		{B55AE17B-095C-4FFE-A023-0FA9CA6471E2}.Debug|Any CPU.ActiveCfg = Debug|Any CPU
		{B55AE17B-095C-4FFE-A023-0FA9CA6471E2}.Debug|Any CPU.Build.0 = Debug|Any CPU
		{B55AE17B-095C-4FFE-A023-0FA9CA6471E2}.Release|Any CPU.ActiveCfg = Release|Any CPU
		{B55AE17B-095C-4FFE-A023-0FA9CA6471E2}.Release|Any CPU.Build.0 = Release|Any CPU
	EndGlobalSection
	GlobalSection(SolutionProperties) = preSolution
		HideSolutionNode = FALSE
	EndGlobalSection
	GlobalSection(ExtensibilityGlobals) = postSolution
		SolutionGuid = {C7CDFD3C-E57D-41E1-9A1B-76FD67B94316}
	EndGlobalSection
EndGlobal
